{
  "originHash" : "e32e097f549a02b18ab34e8249b5b9f48b6bb5f8b0a4bc6691ed56dbdd5a4dc0",
  "pins" : [
    {
      "identity" : "modelmodule",
      "kind" : "remoteSourceControl",
      "location" : "https://github.com/HossanDev/ModelModule.git",
      "state" : {
        "branch" : "main",
        "revision" : "a0a2480a6fc4675632bde45543ccbec0d14341f5"
      }
    },
    {
      "identity" : "networkmodule",
      "kind" : "remoteSourceControl",
      "location" : "https://github.com/HossanDev/NetworkModule.git",
      "state" : {
        "branch" : "main",
        "revision" : "ae28799e34af5c0234b6e423739f7aad18158b0f"
      }
    }
  ],
  "version" : 3
}
