{
  "originHash" : "03a18af807f2ee07a1eac2c5041a4e5e9c40ec187251aabcd023ce17036d0026",
  "pins" : [
    {
      "identity" : "modelmodule",
      "kind" : "remoteSourceControl",
      "location" : "https://github.com/HossanDev/ModelModule.git",
      "state" : {
        "branch" : "main",
        "revision" : "f58e8af2d3e816b2f00fbc100d9e041e41cbb801"
      }
    },
    {
      "identity" : "networkmodule",
      "kind" : "remoteSourceControl",
      "location" : "https://github.com/HossanDev/NetworkModule.git",
      "state" : {
        "branch" : "main",
        "revision" : "ae28799e34af5c0234b6e423739f7aad18158b0f"
      }
    }
  ],
  "version" : 3
}
